
Microsoft Visual Studio Solution File, Format Version 12.00
# Visual Studio Version 17
VisualStudioVersion = 17.5.33516.290
MinimumVisualStudioVersion = 10.0.40219.1
Project("{8BC9CEB8-8B4A-11D0-8D11-00A0C91BC942}") = "ws08", "ws08.vcxproj", "{D7AFFF68-9296-46FF-9C33-A230F7EA6247}"
EndProject
Global
	GlobalSection(SolutionConfigurationPlatforms) = preSolution
		Debug|x64 = Debug|x64
		Debug|x86 = Debug|x86
		Release|x64 = Release|x64
		Release|x86 = Release|x86
	EndGlobalSection
	GlobalSection(ProjectConfigurationPlatforms) = postSolution
		{D7AFFF68-9296-46FF-9C33-A230F7EA6247}.Debug|x64.ActiveCfg = Debug|x64
		{D7AFFF68-9296-46FF-9C33-A230F7EA6247}.Debug|x64.Build.0 = Debug|x64
		{D7AFFF68-9296-46FF-9C33-A230F7EA6247}.Debug|x86.ActiveCfg = Debug|Win32
		{D7AFFF68-9296-46FF-9C33-A230F7EA6247}.Debug|x86.Build.0 = Debug|Win32
		{D7AFFF68-9296-46FF-9C33-A230F7EA6247}.Release|x64.ActiveCfg = Release|x64
		{D7AFFF68-9296-46FF-9C33-A230F7EA6247}.Release|x64.Build.0 = Release|x64
		{D7AFFF68-9296-46FF-9C33-A230F7EA6247}.Release|x86.ActiveCfg = Release|Win32
		{D7AFFF68-9296-46FF-9C33-A230F7EA6247}.Release|x86.Build.0 = Release|Win32
	EndGlobalSection
	GlobalSection(SolutionProperties) = preSolution
		HideSolutionNode = FALSE
	EndGlobalSection
	GlobalSection(ExtensibilityGlobals) = postSolution
		SolutionGuid = {4ECE48A0-B2B4-4BBC-9E14-FBC78C4FECA5}
	EndGlobalSection
EndGlobal
